{
  "nodes": {
    "nixpkgs": {
      "locked": {
        "lastModified": 1596510719,
        "narHash": "sha256-2ZVoWJULisDDrnwN9uaB0ZR6bjTwAlhLNoy0YUGWsW8=",
        "owner": "NixOS",
        "repo": "nixpkgs",
        "rev": "d418434d127bd2423b9115768d9cbf80ed5da52a",
        "type": "github"
      },
      "original": {
        "owner": "NixOS",
        "ref": "d418434d127bd2423b9115768d9cbf80ed5da52a",
        "repo": "nixpkgs",
        "type": "github"
      }
    },
    "root": {
      "inputs": {
        "nixpkgs": "nixpkgs",
        "vulnerablecode-src": "vulnerablecode-src"
      }
    },
    "vulnerablecode-src": {
      "flake": false,
      "locked": {
        "lastModified": 1600189518,
        "narHash": "sha256-bOgZnUrVQ4nXgo+x0HgfxG51jjQlm0FYSB+nJvKk/S4=",
        "owner": "nexB",
        "repo": "vulnerablecode",
        "rev": "a44d173b926862542fc6107b416f217791efae4a",
        "type": "github"
      },
      "original": {
        "owner": "nexB",
        "repo": "vulnerablecode",
        "rev": "a44d173b926862542fc6107b416f217791efae4a",
        "type": "github"
      }
    }
  },
  "root": "root",
  "version": 7
}
