{
  "nodes": {
    "nixpkgs": {
      "locked": {
        "lastModified": 1596510719,
        "narHash": "sha256-2ZVoWJULisDDrnwN9uaB0ZR6bjTwAlhLNoy0YUGWsW8=",
        "owner": "NixOS",
        "repo": "nixpkgs",
        "rev": "d418434d127bd2423b9115768d9cbf80ed5da52a",
        "type": "github"
      },
      "original": {
        "owner": "NixOS",
        "ref": "d418434d127bd2423b9115768d9cbf80ed5da52a",
        "repo": "nixpkgs",
        "type": "github"
      }
    },
    "root": {
      "inputs": {
        "nixpkgs": "nixpkgs",
        "vulnerablecode-src": "vulnerablecode-src"
      }
    },
    "vulnerablecode-src": {
      "flake": false,
      "locked": {
        "lastModified": 1596537036,
        "narHash": "sha256-On4DLcorr0otnzVhA2nSLOPgnkU/U5yGhS5GMhoxuVE=",
        "owner": "nexB",
        "repo": "vulnerablecode",
        "rev": "6a2a1b6b26be93948831b1be785d4d2875c93784",
        "type": "github"
      },
      "original": {
        "owner": "nexB",
        "repo": "vulnerablecode",
        "rev": "6a2a1b6b26be93948831b1be785d4d2875c93784",
        "type": "github"
      }
    }
  },
  "root": "root",
  "version": 7
}
